
Microsoft Visual Studio Solution File, Format Version 12.00
# Visual Studio Version 17
VisualStudioVersion = 17.7.34202.233
MinimumVisualStudioVersion = 10.0.40219.1
Project("{9A19103F-16F7-4668-BE54-9A1E7A4F7556}") = "SumHelpWebAPI", "SumHelpWebAPI\SumHelpWebAPI.csproj", "{BE7EB794-6A29-449B-AD71-D23432329287}"
EndProject
Global
	GlobalSection(SolutionConfigurationPlatforms) = preSolution
		Debug|Any CPU = Debug|Any CPU
		Release|Any CPU = Release|Any CPU
	EndGlobalSection
	GlobalSection(ProjectConfigurationPlatforms) = postSolution
		{BE7EB794-6A29-449B-AD71-D23432329287}.Debug|Any CPU.ActiveCfg = Debug|Any CPU
		{BE7EB794-6A29-449B-AD71-D23432329287}.Debug|Any CPU.Build.0 = Debug|Any CPU
		{BE7EB794-6A29-449B-AD71-D23432329287}.Release|Any CPU.ActiveCfg = Release|Any CPU
		{BE7EB794-6A29-449B-AD71-D23432329287}.Release|Any CPU.Build.0 = Release|Any CPU
	EndGlobalSection
	GlobalSection(SolutionProperties) = preSolution
		HideSolutionNode = FALSE
	EndGlobalSection
	GlobalSection(ExtensibilityGlobals) = postSolution
		SolutionGuid = {A2A4D271-F6B4-4767-8AA0-E9ABC53CDFD7}
	EndGlobalSection
EndGlobal
